{
  "version": 4,
  "terraform_version": "1.15.6",
  "serial": 16,
  "lineage": "fc925662-4f58-384a-4fa7-adebaf6dae40",
  "outputs": {
    "demo_commands": {
      "value": "kubectl config use-context docker-desktop\r\nkubectl get pods -n saint-dev\r\nkubectl apply -f scripts/k8s_seed_pod.yaml\r\nkubectl wait --for=condition=Ready pod/seed-pvc -n saint-dev --timeout=120s\r\nkubectl cp ./data/. saint-dev/seed-pvc:/mnt/data/\r\nkubectl cp ./artifacts/. saint-dev/seed-pvc:/mnt/artifacts/\r\nkubectl cp ./models/. saint-dev/seed-pvc:/mnt/models/\r\nkubectl delete pod seed-pvc -n saint-dev\r\nkubectl port-forward -n saint-dev svc/saint-dev-saint-ops-frontend 3000:80\r\nkubectl port-forward -n saint-dev svc/saint-dev-saint-ops-backend 8000:8000\r\n",
      "type": "string"
    },
    "helm_release": {
      "value": "saint-dev",
      "type": "string"
    },
    "kubeconfig_context": {
      "value": "docker-desktop",
      "type": "string"
    },
    "namespace": {
      "value": "saint-dev",
      "type": "string"
    }
  },
  "resources": [
    {
      "mode": "managed",
      "type": "helm_release",
      "name": "saint_ops",
      "provider": "provider[\"registry.terraform.io/hashicorp/helm\"]",
      "instances": [
        {
          "schema_version": 1,
          "attributes": {
            "atomic": false,
            "chart": "./../helm/saint-ops",
            "cleanup_on_fail": false,
            "create_namespace": false,
            "dependency_update": false,
            "description": null,
            "devel": null,
            "disable_crd_hooks": false,
            "disable_openapi_validation": false,
            "disable_webhooks": false,
            "force_update": false,
            "id": "saint-dev",
            "keyring": null,
            "lint": false,
            "manifest": null,
            "max_history": 0,
            "metadata": [
              {
                "app_version": "1.2.0",
                "chart": "saint-ops",
                "first_deployed": 1781262235,
                "last_deployed": 1781262235,
                "name": "saint-dev",
                "namespace": "saint-dev",
                "notes": "SAINT-OPS deployed to namespace saint-dev.\r\n\r\n1. Get frontend URL:\r\n  kubectl port-forward svc/saint-dev-saint-ops-frontend 3000:80 -n saint-dev\r\n\r\n2. Get API URL:\r\n  kubectl port-forward svc/saint-dev-saint-ops-backend 8000:8000 -n saint-dev\r\n\r\n3. MLflow UI (internal):\r\n  kubectl port-forward svc/saint-dev-saint-ops-mlflow 5000:5000 -n saint-dev\r\n\r\n4. Seed PVC data (first install):\r\n  ./scripts/k8s_seed_data.sh saint-dev saint-dev-saint-ops\r\n\r\n5. HPA status:\r\n  kubectl get hpa -n saint-dev\r\n",
                "revision": 1,
                "values": "{\"autoscaling\":{\"enabled\":true,\"latency\":{\"enabled\":false},\"maxReplicas\":3,\"minReplicas\":1,\"targetCPUUtilizationPercentage\":70},\"backend\":{\"image\":{\"pullPolicy\":\"IfNotPresent\"},\"mlflow\":{\"shadowTrafficPct\":\"10\"},\"replicaCount\":1,\"service\":{\"type\":\"ClusterIP\"}},\"cronJobs\":{\"dataFreshness\":{\"maxAgeHours\":336},\"driftReport\":{\"schedule\":\"0 8 * * *\"}},\"frontend\":{\"image\":{\"pullPolicy\":\"Never\"},\"replicaCount\":1,\"service\":{\"type\":\"ClusterIP\"}},\"global\":{\"namespace\":\"saint-dev\"},\"ingress\":{\"enabled\":false},\"networkPolicy\":{\"enabled\":true},\"persistence\":{\"enabled\":true,\"size\":\"10Gi\",\"storageClass\":\"\"},\"rbac\":{\"enabled\":true}}",
                "version": "1.0.0"
              }
            ],
            "name": "saint-dev",
            "namespace": "saint-dev",
            "pass_credentials": false,
            "postrender": [],
            "recreate_pods": false,
            "render_subchart_notes": true,
            "replace": false,
            "repository": null,
            "repository_ca_file": null,
            "repository_cert_file": null,
            "repository_key_file": null,
            "repository_password": null,
            "repository_username": null,
            "reset_values": false,
            "reuse_values": false,
            "set": [],
            "set_list": [],
            "set_sensitive": [],
            "skip_crds": false,
            "status": "deployed",
            "timeout": 600,
            "values": [
              "# saint-dev namespace — local Docker Desktop K8s / minikube\r\nglobal:\r\n  namespace: saint-dev\r\n\r\nbackend:\r\n  replicaCount: 2\r\n  image:\r\n    pullPolicy: Never\r\n  service:\r\n    type: ClusterIP\r\n  mlflow:\r\n    shadowTrafficPct: \"10\"\r\n\r\nfrontend:\r\n  replicaCount: 1\r\n  image:\r\n    pullPolicy: Never\r\n  service:\r\n    type: ClusterIP\r\n\r\nautoscaling:\r\n  enabled: true\r\n  minReplicas: 2\r\n  maxReplicas: 5\r\n  targetCPUUtilizationPercentage: 70\r\n  latency:\r\n    enabled: false\r\n\r\npersistence:\r\n  enabled: true\r\n  size: 10Gi\r\n  storageClass: \"\"\r\n\r\ningress:\r\n  enabled: false\r\n\r\ncronJobs:\r\n  driftReport:\r\n    schedule: \"0 8 * * *\"\r\n  dataFreshness:\r\n    maxAgeHours: 336\r\n\r\nrbac:\r\n  enabled: true\r\n\r\nnetworkPolicy:\r\n  enabled: true\r\n",
              "\"autoscaling\":\n  \"enabled\": true\n  \"maxReplicas\": 3\n  \"minReplicas\": 1\n\"backend\":\n  \"image\":\n    \"pullPolicy\": \"IfNotPresent\"\n  \"replicaCount\": 1\n\"frontend\":\n  \"replicaCount\": 1\n\"ingress\":\n  \"enabled\": false\n"
            ],
            "verify": false,
            "version": "1.0.0",
            "wait": true,
            "wait_for_jobs": false
          },
          "sensitive_attributes": [
            [
              {
                "type": "get_attr",
                "value": "repository_password"
              }
            ]
          ],
          "identity_schema_version": 0,
          "private": "eyJzY2hlbWFfdmVyc2lvbiI6IjEifQ==",
          "dependencies": [
            "kubernetes_namespace.saint"
          ]
        }
      ]
    },
    {
      "mode": "managed",
      "type": "kubernetes_namespace",
      "name": "saint",
      "provider": "provider[\"registry.terraform.io/hashicorp/kubernetes\"]",
      "instances": [
        {
          "schema_version": 0,
          "attributes": {
            "id": "saint-dev",
            "metadata": [
              {
                "annotations": {},
                "generate_name": "",
                "generation": 0,
                "labels": {},
                "name": "saint-dev",
                "resource_version": "49137",
                "uid": "a68552dc-85e3-45aa-95da-f7af6d75bb6d"
              }
            ],
            "timeouts": null,
            "wait_for_default_service_account": false
          },
          "sensitive_attributes": [],
          "identity_schema_version": 0,
          "private": "eyJlMmJmYjczMC1lY2FhLTExZTYtOGY4OC0zNDM2M2JjN2M0YzAiOnsiZGVsZXRlIjozMDAwMDAwMDAwMDB9fQ=="
        }
      ]
    }
  ],
  "check_results": null
}
